// !$*UTF8*$!
{
	archiveVersion = 1;
	classes = {
	};
	objectVersion = 55;
	objects = {

/* Begin PBXBuildFile section */
		551805CE2B2266C700674218 /* PlaceClass.swift in Sources */ = {isa = PBXBuildFile; fileRef = 551805CD2B2266C700674218 /* PlaceClass.swift */; };
		556C3AE42AF9A8CE00D334B8 /* CarModel.swift in Sources */ = {isa = PBXBuildFile; fileRef = 556C3AE32AF9A8CE00D334B8 /* CarModel.swift */; };
		559EFBB52AF14A5F0098672F /* AppDelegate.swift in Sources */ = {isa = PBXBuildFile; fileRef = 559EFBB42AF14A5F0098672F /* AppDelegate.swift */; };
		559EFBB72AF14A5F0098672F /* SceneDelegate.swift in Sources */ = {isa = PBXBuildFile; fileRef = 559EFBB62AF14A5F0098672F /* SceneDelegate.swift */; };
		559EFBB92AF14A5F0098672F /* MyCarsViewController.swift in Sources */ = {isa = PBXBuildFile; fileRef = 559EFBB82AF14A5F0098672F /* MyCarsViewController.swift */; };
		559EFBBE2AF14A620098672F /* Assets.xcassets in Resources */ = {isa = PBXBuildFile; fileRef = 559EFBBD2AF14A620098672F /* Assets.xcassets */; };
		559EFBC92AF14B740098672F /* MyCarsView.swift in Sources */ = {isa = PBXBuildFile; fileRef = 559EFBC82AF14B740098672F /* MyCarsView.swift */; };
		559EFBCB2AF169610098672F /* CarCellTableViewCell.swift in Sources */ = {isa = PBXBuildFile; fileRef = 559EFBCA2AF169610098672F /* CarCellTableViewCell.swift */; };
		559EFBCD2AF179870098672F /* TabBarController.swift in Sources */ = {isa = PBXBuildFile; fileRef = 559EFBCC2AF179870098672F /* TabBarController.swift */; };
		559EFBCF2AF17C350098672F /* MapViewController.swift in Sources */ = {isa = PBXBuildFile; fileRef = 559EFBCE2AF17C350098672F /* MapViewController.swift */; };
		55DAF91F2B209D2E003BB552 /* MapView.swift in Sources */ = {isa = PBXBuildFile; fileRef = 55DAF91E2B209D2D003BB552 /* MapView.swift */; };
		55DAF9212B20B3E4003BB552 /* Location.swift in Sources */ = {isa = PBXBuildFile; fileRef = 55DAF9202B20B3E4003BB552 /* Location.swift */; };
		840B60AA2B2AD44A001FEA12 /* TOMileageViewController.swift in Sources */ = {isa = PBXBuildFile; fileRef = 840B60A92B2AD44A001FEA12 /* TOMileageViewController.swift */; };
		840B60AE2B2AE251001FEA12 /* WorkEditView.swift in Sources */ = {isa = PBXBuildFile; fileRef = 840B60AD2B2AE251001FEA12 /* WorkEditView.swift */; };
		840B60B02B2AE3EA001FEA12 /* TOPriceViewController.swift in Sources */ = {isa = PBXBuildFile; fileRef = 840B60AF2B2AE3EA001FEA12 /* TOPriceViewController.swift */; };
		840B60B22B2AE6DA001FEA12 /* TODateViewController.swift in Sources */ = {isa = PBXBuildFile; fileRef = 840B60B12B2AE6DA001FEA12 /* TODateViewController.swift */; };
		840B60B42B2AE708001FEA12 /* TODateView.swift in Sources */ = {isa = PBXBuildFile; fileRef = 840B60B32B2AE708001FEA12 /* TODateView.swift */; };
		843945442B35C14500977D6A /* InsurenceDateViewController.swift in Sources */ = {isa = PBXBuildFile; fileRef = 843945432B35C14500977D6A /* InsurenceDateViewController.swift */; };
		846AA1C82B1FB3DF001FC13D /* TOButtonView.swift in Sources */ = {isa = PBXBuildFile; fileRef = 846AA1C72B1FB3DF001FC13D /* TOButtonView.swift */; };
		846AA1CA2B1FD6E0001FC13D /* InsuranceButtonView.swift in Sources */ = {isa = PBXBuildFile; fileRef = 846AA1C92B1FD6E0001FC13D /* InsuranceButtonView.swift */; };
		846AA1CC2B1FD835001FC13D /* MileageButtonView.swift in Sources */ = {isa = PBXBuildFile; fileRef = 846AA1CB2B1FD835001FC13D /* MileageButtonView.swift */; };
		84709F902B229F3A00AD8347 /* MileageViewController.swift in Sources */ = {isa = PBXBuildFile; fileRef = 84709F8F2B229F3A00AD8347 /* MileageViewController.swift */; };
		84709F922B229FCC00AD8347 /* MileageView.swift in Sources */ = {isa = PBXBuildFile; fileRef = 84709F912B229FCC00AD8347 /* MileageView.swift */; };
		8472EBF02B2109B30027B383 /* WorkModel.swift in Sources */ = {isa = PBXBuildFile; fileRef = 8472EBEF2B2109B30027B383 /* WorkModel.swift */; };
		8472EBF22B210BD40027B383 /* TOCellTableViewCell.swift in Sources */ = {isa = PBXBuildFile; fileRef = 8472EBF12B210BD40027B383 /* TOCellTableViewCell.swift */; };
		8472EBF42B210E6E0027B383 /* HomeWorkModel.swift in Sources */ = {isa = PBXBuildFile; fileRef = 8472EBF32B210E6E0027B383 /* HomeWorkModel.swift */; };
		8472EBF62B21188E0027B383 /* ChequeButtonView.swift in Sources */ = {isa = PBXBuildFile; fileRef = 8472EBF52B21188E0027B383 /* ChequeButtonView.swift */; };
		847566E92B23C039003BC1F6 /* EditCarViewController.swift in Sources */ = {isa = PBXBuildFile; fileRef = 847566E82B23C039003BC1F6 /* EditCarViewController.swift */; };
		847566EB2B23C07E003BC1F6 /* EditCarView.swift in Sources */ = {isa = PBXBuildFile; fileRef = 847566EA2B23C07E003BC1F6 /* EditCarView.swift */; };
		849908402B1A889D00304317 /* TOViewController.swift in Sources */ = {isa = PBXBuildFile; fileRef = 8499083F2B1A889D00304317 /* TOViewController.swift */; };
		849908422B1A88BA00304317 /* TOView.swift in Sources */ = {isa = PBXBuildFile; fileRef = 849908412B1A88BA00304317 /* TOView.swift */; };
		84B2F8342B38AD54006426FF /* ChequeViewController.swift in Sources */ = {isa = PBXBuildFile; fileRef = 84B2F8332B38AD54006426FF /* ChequeViewController.swift */; };
		84B2F8362B38AFB2006426FF /* ChequeView.swift in Sources */ = {isa = PBXBuildFile; fileRef = 84B2F8352B38AFB2006426FF /* ChequeView.swift */; };
		84B2F8382B38C15D006426FF /* NextTODateViewController.swift in Sources */ = {isa = PBXBuildFile; fileRef = 84B2F8372B38C15D006426FF /* NextTODateViewController.swift */; };
		84CE9ADB2B02FFC80070A8B2 /* CarViewModel.swift in Sources */ = {isa = PBXBuildFile; fileRef = 84CE9ADA2B02FFC80070A8B2 /* CarViewModel.swift */; };
		84CE9ADD2B02FFE80070A8B2 /* HomeCarsModel.swift in Sources */ = {isa = PBXBuildFile; fileRef = 84CE9ADC2B02FFE80070A8B2 /* HomeCarsModel.swift */; };
		84CE9AE02B03003F0070A8B2 /* NetworkService.swift in Sources */ = {isa = PBXBuildFile; fileRef = 84CE9ADF2B03003F0070A8B2 /* NetworkService.swift */; };
		84CE9AE22B0300460070A8B2 /* UserDafaultsService.swift in Sources */ = {isa = PBXBuildFile; fileRef = 84CE9AE12B0300460070A8B2 /* UserDafaultsService.swift */; };
		84CE9AE42B0307370070A8B2 /* AddCarView.swift in Sources */ = {isa = PBXBuildFile; fileRef = 84CE9AE32B0307370070A8B2 /* AddCarView.swift */; };
		84CE9AE62B03073F0070A8B2 /* AddCarViewController.swift in Sources */ = {isa = PBXBuildFile; fileRef = 84CE9AE52B03073F0070A8B2 /* AddCarViewController.swift */; };
		84F8EEAD2B337D170059F5A2 /* InsurenceViewController.swift in Sources */ = {isa = PBXBuildFile; fileRef = 84F8EEAC2B337D170059F5A2 /* InsurenceViewController.swift */; };
		84F8EEAF2B337D940059F5A2 /* InsurenceView.swift in Sources */ = {isa = PBXBuildFile; fileRef = 84F8EEAE2B337D940059F5A2 /* InsurenceView.swift */; };
		C395F7468B294597335A7200 /* Pods_MyCarrrr.framework in Frameworks */ = {isa = PBXBuildFile; fileRef = 24864BD75FEDB4706EECD45B /* Pods_MyCarrrr.framework */; };
/* End PBXBuildFile section */

/* Begin PBXFileReference section */
		24864BD75FEDB4706EECD45B /* Pods_MyCarrrr.framework */ = {isa = PBXFileReference; explicitFileType = wrapper.framework; includeInIndex = 0; path = Pods_MyCarrrr.framework; sourceTree = BUILT_PRODUCTS_DIR; };
		414A1C32185C7C1B85C40D23 /* Pods-MyCarrrr.debug.xcconfig */ = {isa = PBXFileReference; includeInIndex = 1; lastKnownFileType = text.xcconfig; name = "Pods-MyCarrrr.debug.xcconfig"; path = "Target Support Files/Pods-MyCarrrr/Pods-MyCarrrr.debug.xcconfig"; sourceTree = "<group>"; };
		551805CD2B2266C700674218 /* PlaceClass.swift */ = {isa = PBXFileReference; lastKnownFileType = sourcecode.swift; path = PlaceClass.swift; sourceTree = "<group>"; };
		556C3AE32AF9A8CE00D334B8 /* CarModel.swift */ = {isa = PBXFileReference; lastKnownFileType = sourcecode.swift; path = CarModel.swift; sourceTree = "<group>"; };
		559EFBB12AF14A5F0098672F /* MyCarrrr.app */ = {isa = PBXFileReference; explicitFileType = wrapper.application; includeInIndex = 0; path = MyCarrrr.app; sourceTree = BUILT_PRODUCTS_DIR; };
		559EFBB42AF14A5F0098672F /* AppDelegate.swift */ = {isa = PBXFileReference; lastKnownFileType = sourcecode.swift; path = AppDelegate.swift; sourceTree = "<group>"; };
		559EFBB62AF14A5F0098672F /* SceneDelegate.swift */ = {isa = PBXFileReference; lastKnownFileType = sourcecode.swift; path = SceneDelegate.swift; sourceTree = "<group>"; };
		559EFBB82AF14A5F0098672F /* MyCarsViewController.swift */ = {isa = PBXFileReference; lastKnownFileType = sourcecode.swift; path = MyCarsViewController.swift; sourceTree = "<group>"; };
		559EFBBD2AF14A620098672F /* Assets.xcassets */ = {isa = PBXFileReference; lastKnownFileType = folder.assetcatalog; path = Assets.xcassets; sourceTree = "<group>"; };
		559EFBC22AF14A620098672F /* Info.plist */ = {isa = PBXFileReference; lastKnownFileType = text.plist.xml; path = Info.plist; sourceTree = "<group>"; };
		559EFBC82AF14B740098672F /* MyCarsView.swift */ = {isa = PBXFileReference; lastKnownFileType = sourcecode.swift; path = MyCarsView.swift; sourceTree = "<group>"; };
		559EFBCA2AF169610098672F /* CarCellTableViewCell.swift */ = {isa = PBXFileReference; lastKnownFileType = sourcecode.swift; path = CarCellTableViewCell.swift; sourceTree = "<group>"; };
		559EFBCC2AF179870098672F /* TabBarController.swift */ = {isa = PBXFileReference; lastKnownFileType = sourcecode.swift; path = TabBarController.swift; sourceTree = "<group>"; };
		559EFBCE2AF17C350098672F /* MapViewController.swift */ = {isa = PBXFileReference; lastKnownFileType = sourcecode.swift; path = MapViewController.swift; sourceTree = "<group>"; };
		55DAF91E2B209D2D003BB552 /* MapView.swift */ = {isa = PBXFileReference; lastKnownFileType = sourcecode.swift; path = MapView.swift; sourceTree = "<group>"; };
		55DAF9202B20B3E4003BB552 /* Location.swift */ = {isa = PBXFileReference; lastKnownFileType = sourcecode.swift; path = Location.swift; sourceTree = "<group>"; };
		840B60A92B2AD44A001FEA12 /* TOMileageViewController.swift */ = {isa = PBXFileReference; lastKnownFileType = sourcecode.swift; path = TOMileageViewController.swift; sourceTree = "<group>"; };
		840B60AD2B2AE251001FEA12 /* WorkEditView.swift */ = {isa = PBXFileReference; lastKnownFileType = sourcecode.swift; path = WorkEditView.swift; sourceTree = "<group>"; };
		840B60AF2B2AE3EA001FEA12 /* TOPriceViewController.swift */ = {isa = PBXFileReference; lastKnownFileType = sourcecode.swift; path = TOPriceViewController.swift; sourceTree = "<group>"; };
		840B60B12B2AE6DA001FEA12 /* TODateViewController.swift */ = {isa = PBXFileReference; lastKnownFileType = sourcecode.swift; path = TODateViewController.swift; sourceTree = "<group>"; };
		840B60B32B2AE708001FEA12 /* TODateView.swift */ = {isa = PBXFileReference; lastKnownFileType = sourcecode.swift; path = TODateView.swift; sourceTree = "<group>"; };
		843945432B35C14500977D6A /* InsurenceDateViewController.swift */ = {isa = PBXFileReference; lastKnownFileType = sourcecode.swift; path = InsurenceDateViewController.swift; sourceTree = "<group>"; };
		846AA1C72B1FB3DF001FC13D /* TOButtonView.swift */ = {isa = PBXFileReference; lastKnownFileType = sourcecode.swift; path = TOButtonView.swift; sourceTree = "<group>"; };
		846AA1C92B1FD6E0001FC13D /* InsuranceButtonView.swift */ = {isa = PBXFileReference; lastKnownFileType = sourcecode.swift; path = InsuranceButtonView.swift; sourceTree = "<group>"; };
		846AA1CB2B1FD835001FC13D /* MileageButtonView.swift */ = {isa = PBXFileReference; lastKnownFileType = sourcecode.swift; path = MileageButtonView.swift; sourceTree = "<group>"; };
		84709F8F2B229F3A00AD8347 /* MileageViewController.swift */ = {isa = PBXFileReference; lastKnownFileType = sourcecode.swift; path = MileageViewController.swift; sourceTree = "<group>"; };
		84709F912B229FCC00AD8347 /* MileageView.swift */ = {isa = PBXFileReference; lastKnownFileType = sourcecode.swift; path = MileageView.swift; sourceTree = "<group>"; };
		8472EBEF2B2109B30027B383 /* WorkModel.swift */ = {isa = PBXFileReference; lastKnownFileType = sourcecode.swift; path = WorkModel.swift; sourceTree = "<group>"; };
		8472EBF12B210BD40027B383 /* TOCellTableViewCell.swift */ = {isa = PBXFileReference; lastKnownFileType = sourcecode.swift; path = TOCellTableViewCell.swift; sourceTree = "<group>"; };
		8472EBF32B210E6E0027B383 /* HomeWorkModel.swift */ = {isa = PBXFileReference; lastKnownFileType = sourcecode.swift; path = HomeWorkModel.swift; sourceTree = "<group>"; };
		8472EBF52B21188E0027B383 /* ChequeButtonView.swift */ = {isa = PBXFileReference; lastKnownFileType = sourcecode.swift; path = ChequeButtonView.swift; sourceTree = "<group>"; };
		847566E82B23C039003BC1F6 /* EditCarViewController.swift */ = {isa = PBXFileReference; lastKnownFileType = sourcecode.swift; path = EditCarViewController.swift; sourceTree = "<group>"; };
		847566EA2B23C07E003BC1F6 /* EditCarView.swift */ = {isa = PBXFileReference; lastKnownFileType = sourcecode.swift; path = EditCarView.swift; sourceTree = "<group>"; };
		8499083F2B1A889D00304317 /* TOViewController.swift */ = {isa = PBXFileReference; lastKnownFileType = sourcecode.swift; path = TOViewController.swift; sourceTree = "<group>"; };
		849908412B1A88BA00304317 /* TOView.swift */ = {isa = PBXFileReference; lastKnownFileType = sourcecode.swift; path = TOView.swift; sourceTree = "<group>"; };
		84B2F8332B38AD54006426FF /* ChequeViewController.swift */ = {isa = PBXFileReference; lastKnownFileType = sourcecode.swift; path = ChequeViewController.swift; sourceTree = "<group>"; };
		84B2F8352B38AFB2006426FF /* ChequeView.swift */ = {isa = PBXFileReference; lastKnownFileType = sourcecode.swift; path = ChequeView.swift; sourceTree = "<group>"; };
		84B2F8372B38C15D006426FF /* NextTODateViewController.swift */ = {isa = PBXFileReference; lastKnownFileType = sourcecode.swift; path = NextTODateViewController.swift; sourceTree = "<group>"; };
		84CE9ADA2B02FFC80070A8B2 /* CarViewModel.swift */ = {isa = PBXFileReference; fileEncoding = 4; lastKnownFileType = sourcecode.swift; path = CarViewModel.swift; sourceTree = "<group>"; };
		84CE9ADC2B02FFE80070A8B2 /* HomeCarsModel.swift */ = {isa = PBXFileReference; fileEncoding = 4; lastKnownFileType = sourcecode.swift; path = HomeCarsModel.swift; sourceTree = "<group>"; };
		84CE9ADF2B03003F0070A8B2 /* NetworkService.swift */ = {isa = PBXFileReference; fileEncoding = 4; lastKnownFileType = sourcecode.swift; path = NetworkService.swift; sourceTree = "<group>"; };
		84CE9AE12B0300460070A8B2 /* UserDafaultsService.swift */ = {isa = PBXFileReference; fileEncoding = 4; lastKnownFileType = sourcecode.swift; path = UserDafaultsService.swift; sourceTree = "<group>"; };
		84CE9AE32B0307370070A8B2 /* AddCarView.swift */ = {isa = PBXFileReference; fileEncoding = 4; lastKnownFileType = sourcecode.swift; path = AddCarView.swift; sourceTree = "<group>"; };
		84CE9AE52B03073F0070A8B2 /* AddCarViewController.swift */ = {isa = PBXFileReference; fileEncoding = 4; lastKnownFileType = sourcecode.swift; path = AddCarViewController.swift; sourceTree = "<group>"; };
		84F8EEAC2B337D170059F5A2 /* InsurenceViewController.swift */ = {isa = PBXFileReference; lastKnownFileType = sourcecode.swift; path = InsurenceViewController.swift; sourceTree = "<group>"; };
		84F8EEAE2B337D940059F5A2 /* InsurenceView.swift */ = {isa = PBXFileReference; lastKnownFileType = sourcecode.swift; path = InsurenceView.swift; sourceTree = "<group>"; };
		F95325BC3F5539279FA98343 /* Pods-MyCarrrr.release.xcconfig */ = {isa = PBXFileReference; includeInIndex = 1; lastKnownFileType = text.xcconfig; name = "Pods-MyCarrrr.release.xcconfig"; path = "Target Support Files/Pods-MyCarrrr/Pods-MyCarrrr.release.xcconfig"; sourceTree = "<group>"; };
/* End PBXFileReference section */

/* Begin PBXFrameworksBuildPhase section */
		559EFBAE2AF14A5F0098672F /* Frameworks */ = {
			isa = PBXFrameworksBuildPhase;
			buildActionMask = 2147483647;
			files = (
				C395F7468B294597335A7200 /* Pods_MyCarrrr.framework in Frameworks */,
			);
			runOnlyForDeploymentPostprocessing = 0;
		};
/* End PBXFrameworksBuildPhase section */

/* Begin PBXGroup section */
		556C3ADF2AF9A56500D334B8 /* Controllers */ = {
			isa = PBXGroup;
			children = (
				559EFBB82AF14A5F0098672F /* MyCarsViewController.swift */,
				559EFBCC2AF179870098672F /* TabBarController.swift */,
				559EFBCE2AF17C350098672F /* MapViewController.swift */,
				84CE9AE52B03073F0070A8B2 /* AddCarViewController.swift */,
				8499083F2B1A889D00304317 /* TOViewController.swift */,
				84709F8F2B229F3A00AD8347 /* MileageViewController.swift */,
				847566E82B23C039003BC1F6 /* EditCarViewController.swift */,
				840B60A92B2AD44A001FEA12 /* TOMileageViewController.swift */,
				840B60AF2B2AE3EA001FEA12 /* TOPriceViewController.swift */,
				840B60B12B2AE6DA001FEA12 /* TODateViewController.swift */,
				84F8EEAC2B337D170059F5A2 /* InsurenceViewController.swift */,
				843945432B35C14500977D6A /* InsurenceDateViewController.swift */,
				84B2F8332B38AD54006426FF /* ChequeViewController.swift */,
				84B2F8372B38C15D006426FF /* NextTODateViewController.swift */,
			);
			path = Controllers;
			sourceTree = "<group>";
		};
		556C3AE22AF9A5AE00D334B8 /* Views */ = {
			isa = PBXGroup;
			children = (
				847566E72B23BFA7003BC1F6 /* ButtonsView */,
				559EFBC82AF14B740098672F /* MyCarsView.swift */,
				559EFBCA2AF169610098672F /* CarCellTableViewCell.swift */,
				84CE9AE32B0307370070A8B2 /* AddCarView.swift */,
				849908412B1A88BA00304317 /* TOView.swift */,
				8472EBF12B210BD40027B383 /* TOCellTableViewCell.swift */,
				84709F912B229FCC00AD8347 /* MileageView.swift */,
				847566EA2B23C07E003BC1F6 /* EditCarView.swift */,
				840B60AD2B2AE251001FEA12 /* WorkEditView.swift */,
				840B60B32B2AE708001FEA12 /* TODateView.swift */,
				84F8EEAE2B337D940059F5A2 /* InsurenceView.swift */,
				84B2F8352B38AFB2006426FF /* ChequeView.swift */,
				55DAF91E2B209D2D003BB552 /* MapView.swift */,
			);
			path = Views;
			sourceTree = "<group>";
		};
		556C3AE52AF9A8E400D334B8 /* Model */ = {
			isa = PBXGroup;
			children = (
				84CE9ADE2B03001D0070A8B2 /* Services */,
				84CE9ADC2B02FFE80070A8B2 /* HomeCarsModel.swift */,
				84CE9ADA2B02FFC80070A8B2 /* CarViewModel.swift */,
				556C3AE32AF9A8CE00D334B8 /* CarModel.swift */,
				8472EBEF2B2109B30027B383 /* WorkModel.swift */,
				8472EBF32B210E6E0027B383 /* HomeWorkModel.swift */,
			);
			path = Model;
			sourceTree = "<group>";
		};
		559EFBA82AF14A5F0098672F = {
			isa = PBXGroup;
			children = (
				559EFBB32AF14A5F0098672F /* MyCarrrr */,
				559EFBB22AF14A5F0098672F /* Products */,
				E69D7C04ED4F1E4202CA95AE /* Pods */,
				E7364A90FF23722C40AF6864 /* Frameworks */,
			);
			sourceTree = "<group>";
		};
		559EFBB22AF14A5F0098672F /* Products */ = {
			isa = PBXGroup;
			children = (
				559EFBB12AF14A5F0098672F /* MyCarrrr.app */,
			);
			name = Products;
			sourceTree = "<group>";
		};
		559EFBB32AF14A5F0098672F /* MyCarrrr */ = {
			isa = PBXGroup;
			children = (
				556C3ADF2AF9A56500D334B8 /* Controllers */,
				556C3AE22AF9A5AE00D334B8 /* Views */,
				556C3AE52AF9A8E400D334B8 /* Model */,
				559EFBB42AF14A5F0098672F /* AppDelegate.swift */,
				559EFBB62AF14A5F0098672F /* SceneDelegate.swift */,
				559EFBBD2AF14A620098672F /* Assets.xcassets */,
				559EFBC22AF14A620098672F /* Info.plist */,
			);
			path = MyCarrrr;
			sourceTree = "<group>";
		};
		847566E72B23BFA7003BC1F6 /* ButtonsView */ = {
			isa = PBXGroup;
			children = (
				846AA1C72B1FB3DF001FC13D /* TOButtonView.swift */,
				846AA1C92B1FD6E0001FC13D /* InsuranceButtonView.swift */,
				846AA1CB2B1FD835001FC13D /* MileageButtonView.swift */,
				8472EBF52B21188E0027B383 /* ChequeButtonView.swift */,
			);
			path = ButtonsView;
			sourceTree = "<group>";
		};
		84CE9ADE2B03001D0070A8B2 /* Services */ = {
			isa = PBXGroup;
			children = (
				551805CD2B2266C700674218 /* PlaceClass.swift */,
				55DAF9202B20B3E4003BB552 /* Location.swift */,
				84CE9ADF2B03003F0070A8B2 /* NetworkService.swift */,
				84CE9AE12B0300460070A8B2 /* UserDafaultsService.swift */,
			);
			path = Services;
			sourceTree = "<group>";
		};
		E69D7C04ED4F1E4202CA95AE /* Pods */ = {
			isa = PBXGroup;
			children = (
				414A1C32185C7C1B85C40D23 /* Pods-MyCarrrr.debug.xcconfig */,
				F95325BC3F5539279FA98343 /* Pods-MyCarrrr.release.xcconfig */,
			);
			path = Pods;
			sourceTree = "<group>";
		};
		E7364A90FF23722C40AF6864 /* Frameworks */ = {
			isa = PBXGroup;
			children = (
				24864BD75FEDB4706EECD45B /* Pods_MyCarrrr.framework */,
			);
			name = Frameworks;
			sourceTree = "<group>";
		};
/* End PBXGroup section */

/* Begin PBXNativeTarget section */
		559EFBB02AF14A5F0098672F /* MyCarrrr */ = {
			isa = PBXNativeTarget;
			buildConfigurationList = 559EFBC52AF14A620098672F /* Build configuration list for PBXNativeTarget "MyCarrrr" */;
			buildPhases = (
				1585B98CDF1C75709F674E11 /* [CP] Check Pods Manifest.lock */,
				559EFBAD2AF14A5F0098672F /* Sources */,
				559EFBAE2AF14A5F0098672F /* Frameworks */,
				559EFBAF2AF14A5F0098672F /* Resources */,
				D5E52F74C5F555F6EFC04FB7 /* [CP] Embed Pods Frameworks */,
			);
			buildRules = (
			);
			dependencies = (
			);
			name = MyCarrrr;
			productName = MyCarrrr;
			productReference = 559EFBB12AF14A5F0098672F /* MyCarrrr.app */;
			productType = "com.apple.product-type.application";
		};
/* End PBXNativeTarget section */

/* Begin PBXProject section */
		559EFBA92AF14A5F0098672F /* Project object */ = {
			isa = PBXProject;
			attributes = {
				BuildIndependentTargetsInParallel = 1;
				LastSwiftUpdateCheck = 1340;
				LastUpgradeCheck = 1340;
				TargetAttributes = {
					559EFBB02AF14A5F0098672F = {
						CreatedOnToolsVersion = 13.4.1;
					};
				};
			};
			buildConfigurationList = 559EFBAC2AF14A5F0098672F /* Build configuration list for PBXProject "MyCarrrr" */;
			compatibilityVersion = "Xcode 13.0";
			developmentRegion = en;
			hasScannedForEncodings = 0;
			knownRegions = (
				en,
				Base,
			);
			mainGroup = 559EFBA82AF14A5F0098672F;
			productRefGroup = 559EFBB22AF14A5F0098672F /* Products */;
			projectDirPath = "";
			projectRoot = "";
			targets = (
				559EFBB02AF14A5F0098672F /* MyCarrrr */,
			);
		};
/* End PBXProject section */

/* Begin PBXResourcesBuildPhase section */
		559EFBAF2AF14A5F0098672F /* Resources */ = {
			isa = PBXResourcesBuildPhase;
			buildActionMask = 2147483647;
			files = (
				559EFBBE2AF14A620098672F /* Assets.xcassets in Resources */,
			);
			runOnlyForDeploymentPostprocessing = 0;
		};
/* End PBXResourcesBuildPhase section */

/* Begin PBXShellScriptBuildPhase section */
		1585B98CDF1C75709F674E11 /* [CP] Check Pods Manifest.lock */ = {
			isa = PBXShellScriptBuildPhase;
			buildActionMask = 2147483647;
			files = (
			);
			inputFileListPaths = (
			);
			inputPaths = (
				"${PODS_PODFILE_DIR_PATH}/Podfile.lock",
				"${PODS_ROOT}/Manifest.lock",
			);
			name = "[CP] Check Pods Manifest.lock";
			outputFileListPaths = (
			);
			outputPaths = (
				"$(DERIVED_FILE_DIR)/Pods-MyCarrrr-checkManifestLockResult.txt",
			);
			runOnlyForDeploymentPostprocessing = 0;
			shellPath = /bin/sh;
			shellScript = "diff \"${PODS_PODFILE_DIR_PATH}/Podfile.lock\" \"${PODS_ROOT}/Manifest.lock\" > /dev/null\nif [ $? != 0 ] ; then\n    # print error to STDERR\n    echo \"error: The sandbox is not in sync with the Podfile.lock. Run 'pod install' or update your CocoaPods installation.\" >&2\n    exit 1\nfi\n# This output is used by Xcode 'outputs' to avoid re-running this script phase.\necho \"SUCCESS\" > \"${SCRIPT_OUTPUT_FILE_0}\"\n";
			showEnvVarsInLog = 0;
		};
		D5E52F74C5F555F6EFC04FB7 /* [CP] Embed Pods Frameworks */ = {
			isa = PBXShellScriptBuildPhase;
			buildActionMask = 2147483647;
			files = (
			);
			inputFileListPaths = (
				"${PODS_ROOT}/Target Support Files/Pods-MyCarrrr/Pods-MyCarrrr-frameworks-${CONFIGURATION}-input-files.xcfilelist",
			);
			name = "[CP] Embed Pods Frameworks";
			outputFileListPaths = (
				"${PODS_ROOT}/Target Support Files/Pods-MyCarrrr/Pods-MyCarrrr-frameworks-${CONFIGURATION}-output-files.xcfilelist",
			);
			runOnlyForDeploymentPostprocessing = 0;
			shellPath = /bin/sh;
			shellScript = "\"${PODS_ROOT}/Target Support Files/Pods-MyCarrrr/Pods-MyCarrrr-frameworks.sh\"\n";
			showEnvVarsInLog = 0;
		};
/* End PBXShellScriptBuildPhase section */

/* Begin PBXSourcesBuildPhase section */
		559EFBAD2AF14A5F0098672F /* Sources */ = {
			isa = PBXSourcesBuildPhase;
			buildActionMask = 2147483647;
			files = (
				84CE9AE02B03003F0070A8B2 /* NetworkService.swift in Sources */,
				8472EBF22B210BD40027B383 /* TOCellTableViewCell.swift in Sources */,
				846AA1CC2B1FD835001FC13D /* MileageButtonView.swift in Sources */,
				840B60AE2B2AE251001FEA12 /* WorkEditView.swift in Sources */,
				556C3AE42AF9A8CE00D334B8 /* CarModel.swift in Sources */,
				84F8EEAD2B337D170059F5A2 /* InsurenceViewController.swift in Sources */,
				55DAF9212B20B3E4003BB552 /* Location.swift in Sources */,
				84CE9ADD2B02FFE80070A8B2 /* HomeCarsModel.swift in Sources */,
				84B2F8362B38AFB2006426FF /* ChequeView.swift in Sources */,
				559EFBB92AF14A5F0098672F /* MyCarsViewController.swift in Sources */,
				559EFBB52AF14A5F0098672F /* AppDelegate.swift in Sources */,
				849908422B1A88BA00304317 /* TOView.swift in Sources */,
				551805CE2B2266C700674218 /* PlaceClass.swift in Sources */,
				559EFBB72AF14A5F0098672F /* SceneDelegate.swift in Sources */,
				84709F902B229F3A00AD8347 /* MileageViewController.swift in Sources */,
				8472EBF42B210E6E0027B383 /* HomeWorkModel.swift in Sources */,
				559EFBCD2AF179870098672F /* TabBarController.swift in Sources */,
				55DAF91F2B209D2E003BB552 /* MapView.swift in Sources */,
				84CE9AE62B03073F0070A8B2 /* AddCarViewController.swift in Sources */,
				8472EBF02B2109B30027B383 /* WorkModel.swift in Sources */,
				840B60AA2B2AD44A001FEA12 /* TOMileageViewController.swift in Sources */,
				840B60B22B2AE6DA001FEA12 /* TODateViewController.swift in Sources */,
				84B2F8382B38C15D006426FF /* NextTODateViewController.swift in Sources */,
				849908402B1A889D00304317 /* TOViewController.swift in Sources */,
				847566EB2B23C07E003BC1F6 /* EditCarView.swift in Sources */,
				559EFBC92AF14B740098672F /* MyCarsView.swift in Sources */,
				8472EBF62B21188E0027B383 /* ChequeButtonView.swift in Sources */,
				84B2F8342B38AD54006426FF /* ChequeViewController.swift in Sources */,
				84709F922B229FCC00AD8347 /* MileageView.swift in Sources */,
				84CE9AE22B0300460070A8B2 /* UserDafaultsService.swift in Sources */,
				559EFBCB2AF169610098672F /* CarCellTableViewCell.swift in Sources */,
				846AA1CA2B1FD6E0001FC13D /* InsuranceButtonView.swift in Sources */,
				847566E92B23C039003BC1F6 /* EditCarViewController.swift in Sources */,
				84CE9AE42B0307370070A8B2 /* AddCarView.swift in Sources */,
				84F8EEAF2B337D940059F5A2 /* InsurenceView.swift in Sources */,
				846AA1C82B1FB3DF001FC13D /* TOButtonView.swift in Sources */,
				840B60B42B2AE708001FEA12 /* TODateView.swift in Sources */,
				840B60B02B2AE3EA001FEA12 /* TOPriceViewController.swift in Sources */,
				84CE9ADB2B02FFC80070A8B2 /* CarViewModel.swift in Sources */,
				559EFBCF2AF17C350098672F /* MapViewController.swift in Sources */,
				843945442B35C14500977D6A /* InsurenceDateViewController.swift in Sources */,
			);
			runOnlyForDeploymentPostprocessing = 0;
		};
/* End PBXSourcesBuildPhase section */

/* Begin XCBuildConfiguration section */
		559EFBC32AF14A620098672F /* Debug */ = {
			isa = XCBuildConfiguration;
			buildSettings = {
				ALWAYS_SEARCH_USER_PATHS = NO;
				CLANG_ANALYZER_NONNULL = YES;
				CLANG_ANALYZER_NUMBER_OBJECT_CONVERSION = YES_AGGRESSIVE;
				CLANG_CXX_LANGUAGE_STANDARD = "gnu++17";
				CLANG_ENABLE_MODULES = YES;
				CLANG_ENABLE_OBJC_ARC = YES;
				CLANG_ENABLE_OBJC_WEAK = YES;
				CLANG_WARN_BLOCK_CAPTURE_AUTORELEASING = YES;
				CLANG_WARN_BOOL_CONVERSION = YES;
				CLANG_WARN_COMMA = YES;
				CLANG_WARN_CONSTANT_CONVERSION = YES;
				CLANG_WARN_DEPRECATED_OBJC_IMPLEMENTATIONS = YES;
				CLANG_WARN_DIRECT_OBJC_ISA_USAGE = YES_ERROR;
				CLANG_WARN_DOCUMENTATION_COMMENTS = YES;
				CLANG_WARN_EMPTY_BODY = YES;
				CLANG_WARN_ENUM_CONVERSION = YES;
				CLANG_WARN_INFINITE_RECURSION = YES;
				CLANG_WARN_INT_CONVERSION = YES;
				CLANG_WARN_NON_LITERAL_NULL_CONVERSION = YES;
				CLANG_WARN_OBJC_IMPLICIT_RETAIN_SELF = YES;
				CLANG_WARN_OBJC_LITERAL_CONVERSION = YES;
				CLANG_WARN_OBJC_ROOT_CLASS = YES_ERROR;
				CLANG_WARN_QUOTED_INCLUDE_IN_FRAMEWORK_HEADER = YES;
				CLANG_WARN_RANGE_LOOP_ANALYSIS = YES;
				CLANG_WARN_STRICT_PROTOTYPES = YES;
				CLANG_WARN_SUSPICIOUS_MOVE = YES;
				CLANG_WARN_UNGUARDED_AVAILABILITY = YES_AGGRESSIVE;
				CLANG_WARN_UNREACHABLE_CODE = YES;
				CLANG_WARN__DUPLICATE_METHOD_MATCH = YES;
				COPY_PHASE_STRIP = NO;
				DEBUG_INFORMATION_FORMAT = dwarf;
				ENABLE_STRICT_OBJC_MSGSEND = YES;
				ENABLE_TESTABILITY = YES;
				GCC_C_LANGUAGE_STANDARD = gnu11;
				GCC_DYNAMIC_NO_PIC = NO;
				GCC_NO_COMMON_BLOCKS = YES;
				GCC_OPTIMIZATION_LEVEL = 0;
				GCC_PREPROCESSOR_DEFINITIONS = (
					"DEBUG=1",
					"$(inherited)",
				);
				GCC_WARN_64_TO_32_BIT_CONVERSION = YES;
				GCC_WARN_ABOUT_RETURN_TYPE = YES_ERROR;
				GCC_WARN_UNDECLARED_SELECTOR = YES;
				GCC_WARN_UNINITIALIZED_AUTOS = YES_AGGRESSIVE;
				GCC_WARN_UNUSED_FUNCTION = YES;
				GCC_WARN_UNUSED_VARIABLE = YES;
				IPHONEOS_DEPLOYMENT_TARGET = 15.5;
				MTL_ENABLE_DEBUG_INFO = INCLUDE_SOURCE;
				MTL_FAST_MATH = YES;
				ONLY_ACTIVE_ARCH = YES;
				SDKROOT = iphoneos;
				SWIFT_ACTIVE_COMPILATION_CONDITIONS = DEBUG;
				SWIFT_OPTIMIZATION_LEVEL = "-Onone";
			};
			name = Debug;
		};
		559EFBC42AF14A620098672F /* Release */ = {
			isa = XCBuildConfiguration;
			buildSettings = {
				ALWAYS_SEARCH_USER_PATHS = NO;
				CLANG_ANALYZER_NONNULL = YES;
				CLANG_ANALYZER_NUMBER_OBJECT_CONVERSION = YES_AGGRESSIVE;
				CLANG_CXX_LANGUAGE_STANDARD = "gnu++17";
				CLANG_ENABLE_MODULES = YES;
				CLANG_ENABLE_OBJC_ARC = YES;
				CLANG_ENABLE_OBJC_WEAK = YES;
				CLANG_WARN_BLOCK_CAPTURE_AUTORELEASING = YES;
				CLANG_WARN_BOOL_CONVERSION = YES;
				CLANG_WARN_COMMA = YES;
				CLANG_WARN_CONSTANT_CONVERSION = YES;
				CLANG_WARN_DEPRECATED_OBJC_IMPLEMENTATIONS = YES;
				CLANG_WARN_DIRECT_OBJC_ISA_USAGE = YES_ERROR;
				CLANG_WARN_DOCUMENTATION_COMMENTS = YES;
				CLANG_WARN_EMPTY_BODY = YES;
				CLANG_WARN_ENUM_CONVERSION = YES;
				CLANG_WARN_INFINITE_RECURSION = YES;
				CLANG_WARN_INT_CONVERSION = YES;
				CLANG_WARN_NON_LITERAL_NULL_CONVERSION = YES;
				CLANG_WARN_OBJC_IMPLICIT_RETAIN_SELF = YES;
				CLANG_WARN_OBJC_LITERAL_CONVERSION = YES;
				CLANG_WARN_OBJC_ROOT_CLASS = YES_ERROR;
				CLANG_WARN_QUOTED_INCLUDE_IN_FRAMEWORK_HEADER = YES;
				CLANG_WARN_RANGE_LOOP_ANALYSIS = YES;
				CLANG_WARN_STRICT_PROTOTYPES = YES;
				CLANG_WARN_SUSPICIOUS_MOVE = YES;
				CLANG_WARN_UNGUARDED_AVAILABILITY = YES_AGGRESSIVE;
				CLANG_WARN_UNREACHABLE_CODE = YES;
				CLANG_WARN__DUPLICATE_METHOD_MATCH = YES;
				COPY_PHASE_STRIP = NO;
				DEBUG_INFORMATION_FORMAT = "dwarf-with-dsym";
				ENABLE_NS_ASSERTIONS = NO;
				ENABLE_STRICT_OBJC_MSGSEND = YES;
				GCC_C_LANGUAGE_STANDARD = gnu11;
				GCC_NO_COMMON_BLOCKS = YES;
				GCC_WARN_64_TO_32_BIT_CONVERSION = YES;
				GCC_WARN_ABOUT_RETURN_TYPE = YES_ERROR;
				GCC_WARN_UNDECLARED_SELECTOR = YES;
				GCC_WARN_UNINITIALIZED_AUTOS = YES_AGGRESSIVE;
				GCC_WARN_UNUSED_FUNCTION = YES;
				GCC_WARN_UNUSED_VARIABLE = YES;
				IPHONEOS_DEPLOYMENT_TARGET = 15.5;
				MTL_ENABLE_DEBUG_INFO = NO;
				MTL_FAST_MATH = YES;
				SDKROOT = iphoneos;
				SWIFT_COMPILATION_MODE = wholemodule;
				SWIFT_OPTIMIZATION_LEVEL = "-O";
				VALIDATE_PRODUCT = YES;
			};
			name = Release;
		};
		559EFBC62AF14A620098672F /* Debug */ = {
			isa = XCBuildConfiguration;
			baseConfigurationReference = 414A1C32185C7C1B85C40D23 /* Pods-MyCarrrr.debug.xcconfig */;
			buildSettings = {
				ASSETCATALOG_COMPILER_APPICON_NAME = AppIcon;
				ASSETCATALOG_COMPILER_GLOBAL_ACCENT_COLOR_NAME = AccentColor;
				CODE_SIGN_STYLE = Automatic;
				CURRENT_PROJECT_VERSION = 1;
				DEVELOPMENT_TEAM = 6UV938CGZH;
				GENERATE_INFOPLIST_FILE = YES;
				INFOPLIST_FILE = MyCarrrr/Info.plist;
				INFOPLIST_KEY_CFBundleDisplayName = myCar;
				INFOPLIST_KEY_NSCameraUsageDescription = MyCarrrr;
				INFOPLIST_KEY_NSPhotoLibraryUsageDescription = MyCarrrr;
				INFOPLIST_KEY_UIApplicationSupportsIndirectInputEvents = YES;
				INFOPLIST_KEY_UILaunchStoryboardName = LaunchScreen;
				INFOPLIST_KEY_UIStatusBarStyle = UIStatusBarStyleLightContent;
				INFOPLIST_KEY_UISupportedInterfaceOrientations = UIInterfaceOrientationPortrait;
				INFOPLIST_KEY_UISupportedInterfaceOrientations_iPad = "UIInterfaceOrientationLandscapeLeft UIInterfaceOrientationLandscapeRight UIInterfaceOrientationPortrait UIInterfaceOrientationPortraitUpsideDown";
				LD_RUNPATH_SEARCH_PATHS = (
					"$(inherited)",
					"@executable_path/Frameworks",
				);
				MARKETING_VERSION = 1.0;
				PRODUCT_BUNDLE_IDENTIFIER = "-.MyCarrrr";
				PRODUCT_NAME = "$(TARGET_NAME)";
				SUPPORTED_PLATFORMS = "iphoneos iphonesimulator";
				SUPPORTS_MACCATALYST = NO;
				SWIFT_EMIT_LOC_STRINGS = YES;
				SWIFT_VERSION = 5.0;
				TARGETED_DEVICE_FAMILY = 1;
			};
			name = Debug;
		};
		559EFBC72AF14A620098672F /* Release */ = {
			isa = XCBuildConfiguration;
			baseConfigurationReference = F95325BC3F5539279FA98343 /* Pods-MyCarrrr.release.xcconfig */;
			buildSettings = {
				ASSETCATALOG_COMPILER_APPICON_NAME = AppIcon;
				ASSETCATALOG_COMPILER_GLOBAL_ACCENT_COLOR_NAME = AccentColor;
				CODE_SIGN_STYLE = Automatic;
				CURRENT_PROJECT_VERSION = 1;
				DEVELOPMENT_TEAM = 6UV938CGZH;
				GENERATE_INFOPLIST_FILE = YES;
				INFOPLIST_FILE = MyCarrrr/Info.plist;
				INFOPLIST_KEY_CFBundleDisplayName = myCar;
				INFOPLIST_KEY_NSCameraUsageDescription = MyCarrrr;
				INFOPLIST_KEY_NSPhotoLibraryUsageDescription = MyCarrrr;
				INFOPLIST_KEY_UIApplicationSupportsIndirectInputEvents = YES;
				INFOPLIST_KEY_UILaunchStoryboardName = LaunchScreen;
				INFOPLIST_KEY_UIStatusBarStyle = UIStatusBarStyleLightContent;
				INFOPLIST_KEY_UISupportedInterfaceOrientations = UIInterfaceOrientationPortrait;
				INFOPLIST_KEY_UISupportedInterfaceOrientations_iPad = "UIInterfaceOrientationLandscapeLeft UIInterfaceOrientationLandscapeRight UIInterfaceOrientationPortrait UIInterfaceOrientationPortraitUpsideDown";
				LD_RUNPATH_SEARCH_PATHS = (
					"$(inherited)",
					"@executable_path/Frameworks",
				);
				MARKETING_VERSION = 1.0;
				PRODUCT_BUNDLE_IDENTIFIER = "-.MyCarrrr";
				PRODUCT_NAME = "$(TARGET_NAME)";
				SUPPORTED_PLATFORMS = "iphoneos iphonesimulator";
				SUPPORTS_MACCATALYST = NO;
				SWIFT_EMIT_LOC_STRINGS = YES;
				SWIFT_VERSION = 5.0;
				TARGETED_DEVICE_FAMILY = 1;
			};
			name = Release;
		};
/* End XCBuildConfiguration section */

/* Begin XCConfigurationList section */
		559EFBAC2AF14A5F0098672F /* Build configuration list for PBXProject "MyCarrrr" */ = {
			isa = XCConfigurationList;
			buildConfigurations = (
				559EFBC32AF14A620098672F /* Debug */,
				559EFBC42AF14A620098672F /* Release */,
			);
			defaultConfigurationIsVisible = 0;
			defaultConfigurationName = Release;
		};
		559EFBC52AF14A620098672F /* Build configuration list for PBXNativeTarget "MyCarrrr" */ = {
			isa = XCConfigurationList;
			buildConfigurations = (
				559EFBC62AF14A620098672F /* Debug */,
				559EFBC72AF14A620098672F /* Release */,
			);
			defaultConfigurationIsVisible = 0;
			defaultConfigurationName = Release;
		};
/* End XCConfigurationList section */
	};
	rootObject = 559EFBA92AF14A5F0098672F /* Project object */;
}
